
Microsoft Visual Studio Solution File, Format Version 12.00
# Visual Studio Version 17
VisualStudioVersion = 17.2.32630.192
MinimumVisualStudioVersion = 10.0.40219.1
Project("{9A19103F-16F7-4668-BE54-9A1E7A4F7556}") = "CrudBasico.Interface", "Crud Basico\CrudBasico.Interface.csproj", "{A221D4B5-2445-44EC-8989-4606140592AF}"
EndProject
Project("{FAE04EC0-301F-11D3-BF4B-00C04F79EFBC}") = "CrudBasico.Dominio", "CrudBasico.Dominio\CrudBasico.Dominio.csproj", "{31978F01-9EAD-4452-A59E-C48972F0ECA2}"
EndProject
Project("{FAE04EC0-301F-11D3-BF4B-00C04F79EFBC}") = "CrudBasico.Infra", "CrudBasico.Infra\CrudBasico.Infra.csproj", "{C131523B-6CF2-4AFD-BC6B-7B75AE0CB173}"
EndProject
Global
	GlobalSection(SolutionConfigurationPlatforms) = preSolution
		Debug|Any CPU = Debug|Any CPU
		Release|Any CPU = Release|Any CPU
	EndGlobalSection
	GlobalSection(ProjectConfigurationPlatforms) = postSolution
		{A221D4B5-2445-44EC-8989-4606140592AF}.Debug|Any CPU.ActiveCfg = Debug|Any CPU
		{A221D4B5-2445-44EC-8989-4606140592AF}.Debug|Any CPU.Build.0 = Debug|Any CPU
		{A221D4B5-2445-44EC-8989-4606140592AF}.Release|Any CPU.ActiveCfg = Release|Any CPU
		{A221D4B5-2445-44EC-8989-4606140592AF}.Release|Any CPU.Build.0 = Release|Any CPU
		{31978F01-9EAD-4452-A59E-C48972F0ECA2}.Debug|Any CPU.ActiveCfg = Debug|Any CPU
		{31978F01-9EAD-4452-A59E-C48972F0ECA2}.Debug|Any CPU.Build.0 = Debug|Any CPU
		{31978F01-9EAD-4452-A59E-C48972F0ECA2}.Release|Any CPU.ActiveCfg = Release|Any CPU
		{31978F01-9EAD-4452-A59E-C48972F0ECA2}.Release|Any CPU.Build.0 = Release|Any CPU
		{C131523B-6CF2-4AFD-BC6B-7B75AE0CB173}.Debug|Any CPU.ActiveCfg = Debug|Any CPU
		{C131523B-6CF2-4AFD-BC6B-7B75AE0CB173}.Debug|Any CPU.Build.0 = Debug|Any CPU
		{C131523B-6CF2-4AFD-BC6B-7B75AE0CB173}.Release|Any CPU.ActiveCfg = Release|Any CPU
		{C131523B-6CF2-4AFD-BC6B-7B75AE0CB173}.Release|Any CPU.Build.0 = Release|Any CPU
	EndGlobalSection
	GlobalSection(SolutionProperties) = preSolution
		HideSolutionNode = FALSE
	EndGlobalSection
	GlobalSection(ExtensibilityGlobals) = postSolution
		SolutionGuid = {E3096661-0816-45F2-BA2A-02EF13FC5BD5}
	EndGlobalSection
EndGlobal
